
Microsoft Visual Studio Solution File, Format Version 12.00
# Visual Studio Version 16
VisualStudioVersion = 16.0.30711.63
MinimumVisualStudioVersion = 10.0.40219.1
Project("{9A19103F-16F7-4668-BE54-9A1E7A4F7556}") = "ZudamalMavjiSomonServices", "ZudamalMavjiSomonServices\ZudamalMavjiSomonServices.csproj", "{FAE3E21A-F3D7-4602-B1F8-4A3EE87BFD10}"
EndProject
Global
	GlobalSection(SolutionConfigurationPlatforms) = preSolution
		Debug|Any CPU = Debug|Any CPU
		Release|Any CPU = Release|Any CPU
	EndGlobalSection
	GlobalSection(ProjectConfigurationPlatforms) = postSolution
		{FAE3E21A-F3D7-4602-B1F8-4A3EE87BFD10}.Debug|Any CPU.ActiveCfg = Debug|Any CPU
		{FAE3E21A-F3D7-4602-B1F8-4A3EE87BFD10}.Debug|Any CPU.Build.0 = Debug|Any CPU
		{FAE3E21A-F3D7-4602-B1F8-4A3EE87BFD10}.Release|Any CPU.ActiveCfg = Release|Any CPU
		{FAE3E21A-F3D7-4602-B1F8-4A3EE87BFD10}.Release|Any CPU.Build.0 = Release|Any CPU
	EndGlobalSection
	GlobalSection(SolutionProperties) = preSolution
		HideSolutionNode = FALSE
	EndGlobalSection
	GlobalSection(ExtensibilityGlobals) = postSolution
		SolutionGuid = {8CDED68A-15D7-4403-B6AD-1F4B461802BC}
	EndGlobalSection
EndGlobal
